
Microsoft Visual Studio Solution File, Format Version 12.00
# Visual Studio Version 17
VisualStudioVersion = 17.6.33829.357
MinimumVisualStudioVersion = 10.0.40219.1
Project("{FAE04EC0-301F-11D3-BF4B-00C04F79EFBC}") = "PedidoDaLanchonete", "PedidoDaLanchonete\PedidoDaLanchonete.csproj", "{B0148827-6611-4975-B432-7568D5648428}"
EndProject
Global
	GlobalSection(SolutionConfigurationPlatforms) = preSolution
		Debug|Any CPU = Debug|Any CPU
		Release|Any CPU = Release|Any CPU
	EndGlobalSection
	GlobalSection(ProjectConfigurationPlatforms) = postSolution
		{B0148827-6611-4975-B432-7568D5648428}.Debug|Any CPU.ActiveCfg = Debug|Any CPU
		{B0148827-6611-4975-B432-7568D5648428}.Debug|Any CPU.Build.0 = Debug|Any CPU
		{B0148827-6611-4975-B432-7568D5648428}.Release|Any CPU.ActiveCfg = Release|Any CPU
		{B0148827-6611-4975-B432-7568D5648428}.Release|Any CPU.Build.0 = Release|Any CPU
	EndGlobalSection
	GlobalSection(SolutionProperties) = preSolution
		HideSolutionNode = FALSE
	EndGlobalSection
	GlobalSection(ExtensibilityGlobals) = postSolution
		SolutionGuid = {2EC143BC-8E0F-446C-BFA8-84149E840422}
	EndGlobalSection
EndGlobal
